<?xml version="1.0" encoding="UTF-8"?>
<Scheme
   LastUpgradeVersion = "0900"
   version = "1.3">
   <BuildAction
      parallelizeBuildables = "YES"
      buildImplicitDependencies = "YES">
        <PostActions>
      </PostActions>
      <BuildActionEntries>
         <BuildActionEntry
            buildForTesting = "YES"
            buildForRunning = "YES"
            buildForProfiling = "YES"
            buildForArchiving = "YES"
            buildForAnalyzing = "YES">
            <BuildableReference
               BuildableIdentifier = "primary"
               BlueprintIdentifier = "A80F17161F51AC5200AF596F"
               BuildableName = "___PACKAGENAME___.app"
               BlueprintName = "___PACKAGENAME___"
               ReferencedContainer = "container:___PACKAGENAME___.xcodeproj">
            </BuildableReference>
         </BuildActionEntry>
      </BuildActionEntries>
   </BuildAction>
   <TestAction
      buildConfiguration = "Release"
      selectedDebuggerIdentifier = "Xcode.DebuggerFoundation.Debugger.LLDB"
      selectedLauncherIdentifier = "Xcode.DebuggerFoundation.Launcher.LLDB"
      language = ""
      shouldUseLaunchSchemeArgsEnv = "YES">
      <Testables>
         <TestableReference
            skipped = "NO">
            <BuildableReference
               BuildableIdentifier = "primary"
               BlueprintIdentifier = "A80F17341F51AC5200AF596F"
               BuildableName = "___PACKAGENAME___Tests.xctest"
               BlueprintName = "___PACKAGENAME___Tests"
               ReferencedContainer = "container:___PACKAGENAME___.xcodeproj">
            </BuildableReference>
         </TestableReference>
      </Testables>
      <MacroExpansion>
         <BuildableReference
            BuildableIdentifier = "primary"
            BlueprintIdentifier = "A80F17161F51AC5200AF596F"
            BuildableName = "___PACKAGENAME___.app"
            BlueprintName = "___PACKAGENAME___"
            ReferencedContainer = "container:___PACKAGENAME___.xcodeproj">
         </BuildableReference>
      </MacroExpansion>
      <AdditionalOptions>
      </AdditionalOptions>
   </TestAction>
   <LaunchAction
      buildConfiguration = "Release"
      selectedDebuggerIdentifier = "Xcode.DebuggerFoundation.Debugger.LLDB"
      selectedLauncherIdentifier = "Xcode.DebuggerFoundation.Launcher.LLDB"
      language = ""
      launchStyle = "0"
      useCustomWorkingDirectory = "NO"
      ignoresPersistentStateOnLaunch = "NO"
      debugDocumentVersioning = "YES"
      debugServiceExtension = "internal"
      allowLocationSimulation = "YES">
      <BuildableProductRunnable
         runnableDebuggingMode = "0">
         <BuildableReference
            BuildableIdentifier = "primary"
            BlueprintIdentifier = "A80F17161F51AC5200AF596F"
            BuildableName = "___PACKAGENAME___.app"
            BlueprintName = "___PACKAGENAME___"
            ReferencedContainer = "container:___PACKAGENAME___.xcodeproj">
         </BuildableReference>
      </BuildableProductRunnable>
      <AdditionalOptions>
      </AdditionalOptions>
   </LaunchAction>
   <ProfileAction
      buildConfiguration = "Release"
      shouldUseLaunchSchemeArgsEnv = "YES"
      savedToolIdentifier = ""
      useCustomWorkingDirectory = "NO"
      debugDocumentVersioning = "YES">
      <BuildableProductRunnable
         runnableDebuggingMode = "0">
         <BuildableReference
            BuildableIdentifier = "primary"
            BlueprintIdentifier = "A80F17161F51AC5200AF596F"
            BuildableName = "___PACKAGENAME___.app"
            BlueprintName = "___PACKAGENAME___"
            ReferencedContainer = "container:___PACKAGENAME___.xcodeproj">
         </BuildableReference>
      </BuildableProductRunnable>
   </ProfileAction>
   <AnalyzeAction
      buildConfiguration = "Debug">
   </AnalyzeAction>
   <ArchiveAction
      buildConfiguration = "Release"
      revealArchiveInOrganizer = "YES">
      <PreActions>
         <ExecutionAction
            ActionType = "Xcode.IDEStandardExecutionActionsCore.ExecutionActionType.ShellScriptAction">
            <ActionContent
               title = "Run Script"
               scriptText = "PLIST=&quot;${PROJECT_DIR}/${INFOPLIST_FILE}&quot;&#10;PLB=/usr/libexec/PlistBuddy&#10;LAST_NUMBER=$($PLB -c &quot;Print CFBundleVersion&quot; &quot;$PLIST&quot;)&#10;NEW_VERSION=$(($LAST_NUMBER - 1))&#10;$PLB -c &quot;Set :CFBundleVersion $NEW_VERSION&quot; &quot;$PLIST&quot;">
            </ActionContent>
         </ExecutionAction>
      </PreActions>
        <PostActions>
         <ExecutionAction
            ActionType = "Xcode.IDEStandardExecutionActionsCore.ExecutionActionType.ShellScriptAction">
            <ActionContent
               title = "Run Script"
               scriptText = "xcode-version-bump.sh&#10;# @desc Auto-increment the version number (only) when a project is archived for export.&#10;# @usage&#10;# 1. Select: your Target in Xcode&#10;# 2. Select: Build Phases Tab&#10;# 3. Select: Add Build Phase -&gt; Add Run Script&#10;# 4. Paste code below in to new &quot;Run Script&quot; section&#10;# 5. Check the checkbox &quot;Run script only when installing&quot;&#10;# 6. Drag the &quot;Run Script&quot; below &quot;Link Binaries With Libraries&quot;&#10;# 7. Insure your starting version number is in SemVer format (e.g. 1.0.0)&#10;&#10;# This splits a two-decimal version string, such as &quot;0.45.123&quot;, allowing us to increment the third position.&#10;VERSIONNUM=$(/usr/libexec/PlistBuddy -c &quot;Print CFBundleShortVersionString&quot; &quot;${PROJECT_DIR}/${INFOPLIST_FILE}&quot;)&#10;NEWSUBVERSION=`echo $VERSIONNUM | awk -F &quot;.&quot; &apos;{print $3}&apos;`&#10;NEWSUBVERSION=$(($NEWSUBVERSION + 1))&#10;NEWVERSIONSTRING=`echo $VERSIONNUM | awk -F &quot;.&quot; &apos;{print $1 &quot;.&quot; $2 &quot;.&apos;$NEWSUBVERSION&apos;&quot; }&apos;`&#10;/usr/libexec/PlistBuddy -c &quot;Set :CFBundleShortVersionString $NEWVERSIONSTRING&quot; &quot;${PROJECT_DIR}/${INFOPLIST_FILE}&quot;">
               <EnvironmentBuildable>
                  <BuildableReference
                     BuildableIdentifier = "primary"
                     BlueprintIdentifier = "A81B73E41F52EA7500667953"
                     BuildableName = "___PACKAGENAME___.app"
                     BlueprintName = "___PACKAGENAME___"
                     ReferencedContainer = "container:___PACKAGENAME___.xcodeproj">
                  </BuildableReference>
               </EnvironmentBuildable>
            </ActionContent>
         </ExecutionAction>
      </PostActions>
   </ArchiveAction>
</Scheme>
